// !$*UTF8*$!
{
	archiveVersion = 1;
	classes = {
	};
	objectVersion = 46;
	objects = {

/* Begin PBXBuildFile section */
		EBECDC601BDE509400267F00 /* main.cpp in Sources */ = {isa = PBXBuildFile; fileRef = EBECDC5F1BDE509400267F00 /* main.cpp */; };
		EBECDC691BDE519F00267F00 /* OpenGL.framework in Frameworks */ = {isa = PBXBuildFile; fileRef = EBECDC681BDE519F00267F00 /* OpenGL.framework */; };
		EBECDC6B1BDE51A800267F00 /* GLUT.framework in Frameworks */ = {isa = PBXBuildFile; fileRef = EBECDC6A1BDE51A800267F00 /* GLUT.framework */; };
/* End PBXBuildFile section */

/* Begin PBXCopyFilesBuildPhase section */
		EBECDC5A1BDE509400267F00 /* CopyFiles */ = {
			isa = PBXCopyFilesBuildPhase;
			buildActionMask = 2147483647;
			dstPath = /usr/share/man/man1/;
			dstSubfolderSpec = 0;
			files = (
			);
			runOnlyForDeploymentPostprocessing = 1;
		};
/* End PBXCopyFilesBuildPhase section */

/* Begin PBXFileReference section */
		EBECDC5C1BDE509400267F00 /* BlockGame */ = {isa = PBXFileReference; explicitFileType = "compiled.mach-o.executable"; includeInIndex = 0; path = BlockGame; sourceTree = BUILT_PRODUCTS_DIR; };
		EBECDC5F1BDE509400267F00 /* main.cpp */ = {isa = PBXFileReference; lastKnownFileType = sourcecode.cpp.cpp; path = main.cpp; sourceTree = "<group>"; };
		EBECDC681BDE519F00267F00 /* OpenGL.framework */ = {isa = PBXFileReference; lastKnownFileType = wrapper.framework; name = OpenGL.framework; path = System/Library/Frameworks/OpenGL.framework; sourceTree = SDKROOT; };
		EBECDC6A1BDE51A800267F00 /* GLUT.framework */ = {isa = PBXFileReference; lastKnownFileType = wrapper.framework; name = GLUT.framework; path = System/Library/Frameworks/GLUT.framework; sourceTree = SDKROOT; };
/* End PBXFileReference section */

/* Begin PBXFrameworksBuildPhase section */
		EBECDC591BDE509400267F00 /* Frameworks */ = {
			isa = PBXFrameworksBuildPhase;
			buildActionMask = 2147483647;
			files = (
				EBECDC6B1BDE51A800267F00 /* GLUT.framework in Frameworks */,
				EBECDC691BDE519F00267F00 /* OpenGL.framework in Frameworks */,
			);
			runOnlyForDeploymentPostprocessing = 0;
		};
/* End PBXFrameworksBuildPhase section */

/* Begin PBXGroup section */
		EBECDC531BDE509400267F00 = {
			isa = PBXGroup;
			children = (
				EBECDC6A1BDE51A800267F00 /* GLUT.framework */,
				EBECDC681BDE519F00267F00 /* OpenGL.framework */,
				EBECDC5E1BDE509400267F00 /* BlockGame */,
				EBECDC5D1BDE509400267F00 /* Products */,
			);
			sourceTree = "<group>";
		};
		EBECDC5D1BDE509400267F00 /* Products */ = {
			isa = PBXGroup;
			children = (
				EBECDC5C1BDE509400267F00 /* BlockGame */,
			);
			name = Products;
			sourceTree = "<group>";
		};
		EBECDC5E1BDE509400267F00 /* BlockGame */ = {
			isa = PBXGroup;
			children = (
				EBECDC5F1BDE509400267F00 /* main.cpp */,
			);
			path = BlockGame;
			sourceTree = "<group>";
		};
/* End PBXGroup section */

/* Begin PBXNativeTarget section */
		EBECDC5B1BDE509400267F00 /* BlockGame */ = {
			isa = PBXNativeTarget;
			buildConfigurationList = EBECDC631BDE509400267F00 /* Build configuration list for PBXNativeTarget "BlockGame" */;
			buildPhases = (
				EBECDC581BDE509400267F00 /* Sources */,
				EBECDC591BDE509400267F00 /* Frameworks */,
				EBECDC5A1BDE509400267F00 /* CopyFiles */,
			);
			buildRules = (
			);
			dependencies = (
			);
			name = BlockGame;
			productName = BlockGame;
			productReference = EBECDC5C1BDE509400267F00 /* BlockGame */;
			productType = "com.apple.product-type.tool";
		};
/* End PBXNativeTarget section */

/* Begin PBXProject section */
		EBECDC541BDE509400267F00 /* Project object */ = {
			isa = PBXProject;
			attributes = {
				LastUpgradeCheck = 0700;
				ORGANIZATIONNAME = KawakawaPlanning;
				TargetAttributes = {
					EBECDC5B1BDE509400267F00 = {
						CreatedOnToolsVersion = 7.0.1;
					};
				};
			};
			buildConfigurationList = EBECDC571BDE509400267F00 /* Build configuration list for PBXProject "BlockGame" */;
			compatibilityVersion = "Xcode 3.2";
			developmentRegion = English;
			hasScannedForEncodings = 0;
			knownRegions = (
				en,
			);
			mainGroup = EBECDC531BDE509400267F00;
			productRefGroup = EBECDC5D1BDE509400267F00 /* Products */;
			projectDirPath = "";
			projectRoot = "";
			targets = (
				EBECDC5B1BDE509400267F00 /* BlockGame */,
			);
		};
/* End PBXProject section */

/* Begin PBXSourcesBuildPhase section */
		EBECDC581BDE509400267F00 /* Sources */ = {
			isa = PBXSourcesBuildPhase;
			buildActionMask = 2147483647;
			files = (
				EBECDC601BDE509400267F00 /* main.cpp in Sources */,
			);
			runOnlyForDeploymentPostprocessing = 0;
		};
/* End PBXSourcesBuildPhase section */

/* Begin XCBuildConfiguration section */
		EBECDC611BDE509400267F00 /* Debug */ = {
			isa = XCBuildConfiguration;
			buildSettings = {
				ALWAYS_SEARCH_USER_PATHS = NO;
				CLANG_CXX_LANGUAGE_STANDARD = "gnu++0x";
				CLANG_CXX_LIBRARY = "libc++";
				CLANG_ENABLE_MODULES = YES;
				CLANG_ENABLE_OBJC_ARC = YES;
				CLANG_WARN_BOOL_CONVERSION = YES;
				CLANG_WARN_CONSTANT_CONVERSION = YES;
				CLANG_WARN_DIRECT_OBJC_ISA_USAGE = YES_ERROR;
				CLANG_WARN_EMPTY_BODY = YES;
				CLANG_WARN_ENUM_CONVERSION = YES;
				CLANG_WARN_INT_CONVERSION = YES;
				CLANG_WARN_OBJC_ROOT_CLASS = YES_ERROR;
				CLANG_WARN_UNREACHABLE_CODE = YES;
				CLANG_WARN__DUPLICATE_METHOD_MATCH = YES;
				COPY_PHASE_STRIP = NO;
				DEBUG_INFORMATION_FORMAT = dwarf;
				ENABLE_STRICT_OBJC_MSGSEND = YES;
				ENABLE_TESTABILITY = YES;
				GCC_C_LANGUAGE_STANDARD = gnu99;
				GCC_DYNAMIC_NO_PIC = NO;
				GCC_NO_COMMON_BLOCKS = YES;
				GCC_OPTIMIZATION_LEVEL = 0;
				GCC_PREPROCESSOR_DEFINITIONS = (
					"DEBUG=1",
					"$(inherited)",
				);
				GCC_WARN_64_TO_32_BIT_CONVERSION = YES;
				GCC_WARN_ABOUT_RETURN_TYPE = YES_ERROR;
				GCC_WARN_UNDECLARED_SELECTOR = YES;
				GCC_WARN_UNINITIALIZED_AUTOS = YES_AGGRESSIVE;
				GCC_WARN_UNUSED_FUNCTION = YES;
				GCC_WARN_UNUSED_VARIABLE = YES;
				MACOSX_DEPLOYMENT_TARGET = 10.11;
				MTL_ENABLE_DEBUG_INFO = YES;
				ONLY_ACTIVE_ARCH = YES;
				SDKROOT = macosx;
			};
			name = Debug;
		};
		EBECDC621BDE509400267F00 /* Release */ = {
			isa = XCBuildConfiguration;
			buildSettings = {
				ALWAYS_SEARCH_USER_PATHS = NO;
				CLANG_CXX_LANGUAGE_STANDARD = "gnu++0x";
				CLANG_CXX_LIBRARY = "libc++";
				CLANG_ENABLE_MODULES = YES;
				CLANG_ENABLE_OBJC_ARC = YES;
				CLANG_WARN_BOOL_CONVERSION = YES;
				CLANG_WARN_CONSTANT_CONVERSION = YES;
				CLANG_WARN_DIRECT_OBJC_ISA_USAGE = YES_ERROR;
				CLANG_WARN_EMPTY_BODY = YES;
				CLANG_WARN_ENUM_CONVERSION = YES;
				CLANG_WARN_INT_CONVERSION = YES;
				CLANG_WARN_OBJC_ROOT_CLASS = YES_ERROR;
				CLANG_WARN_UNREACHABLE_CODE = YES;
				CLANG_WARN__DUPLICATE_METHOD_MATCH = YES;
				COPY_PHASE_STRIP = NO;
				DEBUG_INFORMATION_FORMAT = "dwarf-with-dsym";
				ENABLE_NS_ASSERTIONS = NO;
				ENABLE_STRICT_OBJC_MSGSEND = YES;
				GCC_C_LANGUAGE_STANDARD = gnu99;
				GCC_NO_COMMON_BLOCKS = YES;
				GCC_WARN_64_TO_32_BIT_CONVERSION = YES;
				GCC_WARN_ABOUT_RETURN_TYPE = YES_ERROR;
				GCC_WARN_UNDECLARED_SELECTOR = YES;
				GCC_WARN_UNINITIALIZED_AUTOS = YES_AGGRESSIVE;
				GCC_WARN_UNUSED_FUNCTION = YES;
				GCC_WARN_UNUSED_VARIABLE = YES;
				MACOSX_DEPLOYMENT_TARGET = 10.11;
				MTL_ENABLE_DEBUG_INFO = NO;
				SDKROOT = macosx;
			};
			name = Release;
		};
		EBECDC641BDE509400267F00 /* Debug */ = {
			isa = XCBuildConfiguration;
			buildSettings = {
				PRODUCT_NAME = "$(TARGET_NAME)";
			};
			name = Debug;
		};
		EBECDC651BDE509400267F00 /* Release */ = {
			isa = XCBuildConfiguration;
			buildSettings = {
				PRODUCT_NAME = "$(TARGET_NAME)";
			};
			name = Release;
		};
/* End XCBuildConfiguration section */

/* Begin XCConfigurationList section */
		EBECDC571BDE509400267F00 /* Build configuration list for PBXProject "BlockGame" */ = {
			isa = XCConfigurationList;
			buildConfigurations = (
				EBECDC611BDE509400267F00 /* Debug */,
				EBECDC621BDE509400267F00 /* Release */,
			);
			defaultConfigurationIsVisible = 0;
			defaultConfigurationName = Release;
		};
		EBECDC631BDE509400267F00 /* Build configuration list for PBXNativeTarget "BlockGame" */ = {
			isa = XCConfigurationList;
			buildConfigurations = (
				EBECDC641BDE509400267F00 /* Debug */,
				EBECDC651BDE509400267F00 /* Release */,
			);
			defaultConfigurationIsVisible = 0;
		};
/* End XCConfigurationList section */
	};
	rootObject = EBECDC541BDE509400267F00 /* Project object */;
}
